github.com/bufbuild/protovalidate v0.0.0-20241008102923-3f80b7667dbd0ba4140767013738f150dfd3df54 h1:JyvM8Amad5Upk0VsQwmN/6y8FMbHUcnb3+zbf6qecxk=
github.com/bufbuild/protovalidate-go v0.0.0-20241015092221-1446f1e1d576e67382edcb4863f76414e2eb2256 h1:0FIlIEFBhMz7+LBhjWPK3HKC0EqJXV02+LnCbuQYSFs=
github.com/googleapis/googleapis v0.0.0-20241015091539-cab65d56577608266888c9800ba42c2bf4704805 h1:bLilIEEv+ouFa3n/Ji+WB03IVw0CtveI8f2JT4B15Ng=
