github.com/bufbuild/protoc-gen-validate v1.1.1-SNAPSHOT.11 h1:futtvtATGXDsMGWcAc6sWhAOoFQvmWZLmyHrvupXPig=
github.com/googleapis/googleapis v0.0.0-20241101172455-9b94dba2f7f4b601f8232bc3a3f6ef32665279b9 h1:c/KzvCFQLWq47+2ylh0lWhqkicfS04/RT9z08fqBVuo=
github.com/grpc-ecosystem/grpc-gateway v0.0.0-20241203201224-446e9c645240dca3206da3781642b7dbec1e2593 h1:j0dSqKoNY/gFfIehW8E6LuutWi656ebL7Tz7AJm9ukI=
